
Microsoft Visual Studio Solution File, Format Version 12.00
# Visual Studio Version 17
VisualStudioVersion = 17.11.35327.3
MinimumVisualStudioVersion = 10.0.40219.1
Project("{FAE04EC0-301F-11D3-BF4B-00C04F79EFBC}") = "ASSIGNMENT 4_2", "ASSIGNMENT 4_2.csproj", "{2C18C1F5-6904-4649-A91F-CB661198DD94}"
EndProject
Global
	GlobalSection(SolutionConfigurationPlatforms) = preSolution
		Debug|Any CPU = Debug|Any CPU
		Release|Any CPU = Release|Any CPU
	EndGlobalSection
	GlobalSection(ProjectConfigurationPlatforms) = postSolution
		{2C18C1F5-6904-4649-A91F-CB661198DD94}.Debug|Any CPU.ActiveCfg = Debug|Any CPU
		{2C18C1F5-6904-4649-A91F-CB661198DD94}.Debug|Any CPU.Build.0 = Debug|Any CPU
		{2C18C1F5-6904-4649-A91F-CB661198DD94}.Release|Any CPU.ActiveCfg = Release|Any CPU
		{2C18C1F5-6904-4649-A91F-CB661198DD94}.Release|Any CPU.Build.0 = Release|Any CPU
	EndGlobalSection
	GlobalSection(SolutionProperties) = preSolution
		HideSolutionNode = FALSE
	EndGlobalSection
	GlobalSection(ExtensibilityGlobals) = postSolution
		SolutionGuid = {444EF686-3001-46B9-9E5F-10F07ACD3A4A}
	EndGlobalSection
EndGlobal
